
Microsoft Visual Studio Solution File, Format Version 12.00
# Visual Studio Version 16
VisualStudioVersion = 16.0.30907.101
MinimumVisualStudioVersion = 10.0.40219.1
Project("{FAE04EC0-301F-11D3-BF4B-00C04F79EFBC}") = "CashRegister", "CashRegister\CashRegister.csproj", "{5953121D-4E28-4008-B6CB-FFC0080B18BD}"
EndProject
Global
	GlobalSection(SolutionConfigurationPlatforms) = preSolution
		Debug|Any CPU = Debug|Any CPU
		Release|Any CPU = Release|Any CPU
	EndGlobalSection
	GlobalSection(ProjectConfigurationPlatforms) = postSolution
		{5953121D-4E28-4008-B6CB-FFC0080B18BD}.Debug|Any CPU.ActiveCfg = Debug|Any CPU
		{5953121D-4E28-4008-B6CB-FFC0080B18BD}.Debug|Any CPU.Build.0 = Debug|Any CPU
		{5953121D-4E28-4008-B6CB-FFC0080B18BD}.Release|Any CPU.ActiveCfg = Release|Any CPU
		{5953121D-4E28-4008-B6CB-FFC0080B18BD}.Release|Any CPU.Build.0 = Release|Any CPU
	EndGlobalSection
	GlobalSection(SolutionProperties) = preSolution
		HideSolutionNode = FALSE
	EndGlobalSection
	GlobalSection(ExtensibilityGlobals) = postSolution
		SolutionGuid = {D18B88B6-FE82-4BC5-AF9E-CB4EC8C5F835}
	EndGlobalSection
EndGlobal
